
Microsoft Visual Studio Solution File, Format Version 12.00
# Visual Studio Version 17
VisualStudioVersion = 17.0.32014.148
MinimumVisualStudioVersion = 10.0.40219.1
Project("{FAE04EC0-301F-11D3-BF4B-00C04F79EFBC}") = "MoodAnalyserPractise", "MoodAnalyserPractise\MoodAnalyserPractise.csproj", "{2361F9C8-834F-41A7-9D25-761D9DC3F249}"
EndProject
Project("{FAE04EC0-301F-11D3-BF4B-00C04F79EFBC}") = "TestProject1", "..\TestProject1\TestProject1.csproj", "{0EC14630-1AF9-4FB4-8841-4C44C1911F42}"
EndProject
Global
	GlobalSection(SolutionConfigurationPlatforms) = preSolution
		Debug|Any CPU = Debug|Any CPU
		Release|Any CPU = Release|Any CPU
	EndGlobalSection
	GlobalSection(ProjectConfigurationPlatforms) = postSolution
		{2361F9C8-834F-41A7-9D25-761D9DC3F249}.Debug|Any CPU.ActiveCfg = Debug|Any CPU
		{2361F9C8-834F-41A7-9D25-761D9DC3F249}.Debug|Any CPU.Build.0 = Debug|Any CPU
		{2361F9C8-834F-41A7-9D25-761D9DC3F249}.Release|Any CPU.ActiveCfg = Release|Any CPU
		{2361F9C8-834F-41A7-9D25-761D9DC3F249}.Release|Any CPU.Build.0 = Release|Any CPU
		{0EC14630-1AF9-4FB4-8841-4C44C1911F42}.Debug|Any CPU.ActiveCfg = Debug|Any CPU
		{0EC14630-1AF9-4FB4-8841-4C44C1911F42}.Debug|Any CPU.Build.0 = Debug|Any CPU
		{0EC14630-1AF9-4FB4-8841-4C44C1911F42}.Release|Any CPU.ActiveCfg = Release|Any CPU
		{0EC14630-1AF9-4FB4-8841-4C44C1911F42}.Release|Any CPU.Build.0 = Release|Any CPU
	EndGlobalSection
	GlobalSection(SolutionProperties) = preSolution
		HideSolutionNode = FALSE
	EndGlobalSection
	GlobalSection(ExtensibilityGlobals) = postSolution
		SolutionGuid = {4FE72569-2A53-43D1-97E0-576EC8DC23B9}
	EndGlobalSection
EndGlobal
